{
  "name": "mta-model-optimizer",
  "lockfileVersion": 3,
  "requires": true,
  "packages": {
    "": {
      "dependencies": {
        "meshoptimizer": "^1.2.0"
      }
    },
    "node_modules/meshoptimizer": {
      "version": "1.2.0",
      "resolved": "https://registry.npmjs.org/meshoptimizer/-/meshoptimizer-1.2.0.tgz",
      "integrity": "sha512-davRZeIJbxJrE24cwQle7ZDsxjdk/OphNOV83oX+efQinyoHY9Jcyz3MHbaoG0qySZajldGztNZ1RN/T19PZsg==",
      "license": "MIT"
    }
  }
}
